// !$*UTF8*$!
{
	archiveVersion = 1;
	classes = {
	};
	objectVersion = 50;
	objects = {

/* Begin PBXBuildFile section */
		8B49D4C621588CDF00803884 /* AppDelegate.swift in Sources */ = {isa = PBXBuildFile; fileRef = 8B49D4C521588CDF00803884 /* AppDelegate.swift */; };
		8B49D4C821588CDF00803884 /* FilmListViewController.swift in Sources */ = {isa = PBXBuildFile; fileRef = 8B49D4C721588CDF00803884 /* FilmListViewController.swift */; };
		8B49D4CB21588CDF00803884 /* Main.storyboard in Resources */ = {isa = PBXBuildFile; fileRef = 8B49D4C921588CDF00803884 /* Main.storyboard */; };
		8B49D4CD21588CE000803884 /* Assets.xcassets in Resources */ = {isa = PBXBuildFile; fileRef = 8B49D4CC21588CE000803884 /* Assets.xcassets */; };
		8B49D4D021588CE000803884 /* LaunchScreen.storyboard in Resources */ = {isa = PBXBuildFile; fileRef = 8B49D4CE21588CE000803884 /* LaunchScreen.storyboard */; };
		8B49D4D8215892EC00803884 /* CoreDataStack.swift in Sources */ = {isa = PBXBuildFile; fileRef = 8B49D4D7215892EC00803884 /* CoreDataStack.swift */; };
		8B49D4DA2158A23300803884 /* ApiRepository.swift in Sources */ = {isa = PBXBuildFile; fileRef = 8B49D4D92158A23300803884 /* ApiRepository.swift */; };
		8B49D4DD2158A40B00803884 /* StarWars.xcdatamodeld in Sources */ = {isa = PBXBuildFile; fileRef = 8B49D4DB2158A40B00803884 /* StarWars.xcdatamodeld */; };
		8B49D4DF2158A57D00803884 /* Film.swift in Sources */ = {isa = PBXBuildFile; fileRef = 8B49D4DE2158A57D00803884 /* Film.swift */; };
		8B49D4E12158B20D00803884 /* DataProvider.swift in Sources */ = {isa = PBXBuildFile; fileRef = 8B49D4E02158B20D00803884 /* DataProvider.swift */; };
/* End PBXBuildFile section */

/* Begin PBXFileReference section */
		8B49D4C221588CDF00803884 /* CoreDataRemote.app */ = {isa = PBXFileReference; explicitFileType = wrapper.application; includeInIndex = 0; path = CoreDataRemote.app; sourceTree = BUILT_PRODUCTS_DIR; };
		8B49D4C521588CDF00803884 /* AppDelegate.swift */ = {isa = PBXFileReference; lastKnownFileType = sourcecode.swift; path = AppDelegate.swift; sourceTree = "<group>"; };
		8B49D4C721588CDF00803884 /* FilmListViewController.swift */ = {isa = PBXFileReference; lastKnownFileType = sourcecode.swift; path = FilmListViewController.swift; sourceTree = "<group>"; };
		8B49D4CA21588CDF00803884 /* Base */ = {isa = PBXFileReference; lastKnownFileType = file.storyboard; name = Base; path = Base.lproj/Main.storyboard; sourceTree = "<group>"; };
		8B49D4CC21588CE000803884 /* Assets.xcassets */ = {isa = PBXFileReference; lastKnownFileType = folder.assetcatalog; path = Assets.xcassets; sourceTree = "<group>"; };
		8B49D4CF21588CE000803884 /* Base */ = {isa = PBXFileReference; lastKnownFileType = file.storyboard; name = Base; path = Base.lproj/LaunchScreen.storyboard; sourceTree = "<group>"; };
		8B49D4D121588CE000803884 /* Info.plist */ = {isa = PBXFileReference; lastKnownFileType = text.plist.xml; path = Info.plist; sourceTree = "<group>"; };
		8B49D4D7215892EC00803884 /* CoreDataStack.swift */ = {isa = PBXFileReference; lastKnownFileType = sourcecode.swift; path = CoreDataStack.swift; sourceTree = "<group>"; };
		8B49D4D92158A23300803884 /* ApiRepository.swift */ = {isa = PBXFileReference; lastKnownFileType = sourcecode.swift; path = ApiRepository.swift; sourceTree = "<group>"; };
		8B49D4DC2158A40B00803884 /* StarWars.xcdatamodel */ = {isa = PBXFileReference; lastKnownFileType = wrapper.xcdatamodel; path = StarWars.xcdatamodel; sourceTree = "<group>"; };
		8B49D4DE2158A57D00803884 /* Film.swift */ = {isa = PBXFileReference; lastKnownFileType = sourcecode.swift; path = Film.swift; sourceTree = "<group>"; };
		8B49D4E02158B20D00803884 /* DataProvider.swift */ = {isa = PBXFileReference; lastKnownFileType = sourcecode.swift; path = DataProvider.swift; sourceTree = "<group>"; };
/* End PBXFileReference section */

/* Begin PBXFrameworksBuildPhase section */
		8B49D4BF21588CDF00803884 /* Frameworks */ = {
			isa = PBXFrameworksBuildPhase;
			buildActionMask = 2147483647;
			files = (
			);
			runOnlyForDeploymentPostprocessing = 0;
		};
/* End PBXFrameworksBuildPhase section */

/* Begin PBXGroup section */
		8B49D4B921588CDF00803884 = {
			isa = PBXGroup;
			children = (
				8B49D4C421588CDF00803884 /* CoreDataRemote */,
				8B49D4C321588CDF00803884 /* Products */,
			);
			sourceTree = "<group>";
		};
		8B49D4C321588CDF00803884 /* Products */ = {
			isa = PBXGroup;
			children = (
				8B49D4C221588CDF00803884 /* CoreDataRemote.app */,
			);
			name = Products;
			sourceTree = "<group>";
		};
		8B49D4C421588CDF00803884 /* CoreDataRemote */ = {
			isa = PBXGroup;
			children = (
				8B72E3AE215BEBD90008CBBA /* Controllers */,
				8B72E3AC215BEBA80008CBBA /* Data */,
				8B72E3AD215BEBC10008CBBA /* Repository */,
				8B72E3AF215BEC010008CBBA /* Resources */,
			);
			path = CoreDataRemote;
			sourceTree = "<group>";
		};
		8B72E3AC215BEBA80008CBBA /* Data */ = {
			isa = PBXGroup;
			children = (
				8B49D4D7215892EC00803884 /* CoreDataStack.swift */,
				8B49D4DB2158A40B00803884 /* StarWars.xcdatamodeld */,
				8B49D4E02158B20D00803884 /* DataProvider.swift */,
				8B49D4DE2158A57D00803884 /* Film.swift */,
			);
			path = Data;
			sourceTree = "<group>";
		};
		8B72E3AD215BEBC10008CBBA /* Repository */ = {
			isa = PBXGroup;
			children = (
				8B49D4D92158A23300803884 /* ApiRepository.swift */,
			);
			path = Repository;
			sourceTree = "<group>";
		};
		8B72E3AE215BEBD90008CBBA /* Controllers */ = {
			isa = PBXGroup;
			children = (
				8B49D4C721588CDF00803884 /* FilmListViewController.swift */,
			);
			path = Controllers;
			sourceTree = "<group>";
		};
		8B72E3AF215BEC010008CBBA /* Resources */ = {
			isa = PBXGroup;
			children = (
				8B49D4C521588CDF00803884 /* AppDelegate.swift */,
				8B49D4C921588CDF00803884 /* Main.storyboard */,
				8B49D4CC21588CE000803884 /* Assets.xcassets */,
				8B49D4CE21588CE000803884 /* LaunchScreen.storyboard */,
				8B49D4D121588CE000803884 /* Info.plist */,
			);
			path = Resources;
			sourceTree = "<group>";
		};
/* End PBXGroup section */

/* Begin PBXNativeTarget section */
		8B49D4C121588CDF00803884 /* CoreDataRemote */ = {
			isa = PBXNativeTarget;
			buildConfigurationList = 8B49D4D421588CE000803884 /* Build configuration list for PBXNativeTarget "CoreDataRemote" */;
			buildPhases = (
				8B49D4BE21588CDF00803884 /* Sources */,
				8B49D4BF21588CDF00803884 /* Frameworks */,
				8B49D4C021588CDF00803884 /* Resources */,
			);
			buildRules = (
			);
			dependencies = (
			);
			name = CoreDataRemote;
			productName = CoreDataRemote;
			productReference = 8B49D4C221588CDF00803884 /* CoreDataRemote.app */;
			productType = "com.apple.product-type.application";
		};
/* End PBXNativeTarget section */

/* Begin PBXProject section */
		8B49D4BA21588CDF00803884 /* Project object */ = {
			isa = PBXProject;
			attributes = {
				LastSwiftUpdateCheck = 1000;
				LastUpgradeCheck = 1000;
				ORGANIZATIONNAME = "Alfian Losari";
				TargetAttributes = {
					8B49D4C121588CDF00803884 = {
						CreatedOnToolsVersion = 10.0;
					};
				};
			};
			buildConfigurationList = 8B49D4BD21588CDF00803884 /* Build configuration list for PBXProject "CoreDataRemote" */;
			compatibilityVersion = "Xcode 9.3";
			developmentRegion = en;
			hasScannedForEncodings = 0;
			knownRegions = (
				en,
				Base,
			);
			mainGroup = 8B49D4B921588CDF00803884;
			productRefGroup = 8B49D4C321588CDF00803884 /* Products */;
			projectDirPath = "";
			projectRoot = "";
			targets = (
				8B49D4C121588CDF00803884 /* CoreDataRemote */,
			);
		};
/* End PBXProject section */

/* Begin PBXResourcesBuildPhase section */
		8B49D4C021588CDF00803884 /* Resources */ = {
			isa = PBXResourcesBuildPhase;
			buildActionMask = 2147483647;
			files = (
				8B49D4D021588CE000803884 /* LaunchScreen.storyboard in Resources */,
				8B49D4CD21588CE000803884 /* Assets.xcassets in Resources */,
				8B49D4CB21588CDF00803884 /* Main.storyboard in Resources */,
			);
			runOnlyForDeploymentPostprocessing = 0;
		};
/* End PBXResourcesBuildPhase section */

/* Begin PBXSourcesBuildPhase section */
		8B49D4BE21588CDF00803884 /* Sources */ = {
			isa = PBXSourcesBuildPhase;
			buildActionMask = 2147483647;
			files = (
				8B49D4D8215892EC00803884 /* CoreDataStack.swift in Sources */,
				8B49D4DF2158A57D00803884 /* Film.swift in Sources */,
				8B49D4E12158B20D00803884 /* DataProvider.swift in Sources */,
				8B49D4C821588CDF00803884 /* FilmListViewController.swift in Sources */,
				8B49D4DD2158A40B00803884 /* StarWars.xcdatamodeld in Sources */,
				8B49D4DA2158A23300803884 /* ApiRepository.swift in Sources */,
				8B49D4C621588CDF00803884 /* AppDelegate.swift in Sources */,
			);
			runOnlyForDeploymentPostprocessing = 0;
		};
/* End PBXSourcesBuildPhase section */

/* Begin PBXVariantGroup section */
		8B49D4C921588CDF00803884 /* Main.storyboard */ = {
			isa = PBXVariantGroup;
			children = (
				8B49D4CA21588CDF00803884 /* Base */,
			);
			name = Main.storyboard;
			sourceTree = "<group>";
		};
		8B49D4CE21588CE000803884 /* LaunchScreen.storyboard */ = {
			isa = PBXVariantGroup;
			children = (
				8B49D4CF21588CE000803884 /* Base */,
			);
			name = LaunchScreen.storyboard;
			sourceTree = "<group>";
		};
/* End PBXVariantGroup section */

/* Begin XCBuildConfiguration section */
		8B49D4D221588CE000803884 /* Debug */ = {
			isa = XCBuildConfiguration;
			buildSettings = {
				ALWAYS_SEARCH_USER_PATHS = NO;
				CLANG_ANALYZER_NONNULL = YES;
				CLANG_ANALYZER_NUMBER_OBJECT_CONVERSION = YES_AGGRESSIVE;
				CLANG_CXX_LANGUAGE_STANDARD = "gnu++14";
				CLANG_CXX_LIBRARY = "libc++";
				CLANG_ENABLE_MODULES = YES;
				CLANG_ENABLE_OBJC_ARC = YES;
				CLANG_ENABLE_OBJC_WEAK = YES;
				CLANG_WARN_BLOCK_CAPTURE_AUTORELEASING = YES;
				CLANG_WARN_BOOL_CONVERSION = YES;
				CLANG_WARN_COMMA = YES;
				CLANG_WARN_CONSTANT_CONVERSION = YES;
				CLANG_WARN_DEPRECATED_OBJC_IMPLEMENTATIONS = YES;
				CLANG_WARN_DIRECT_OBJC_ISA_USAGE = YES_ERROR;
				CLANG_WARN_DOCUMENTATION_COMMENTS = YES;
				CLANG_WARN_EMPTY_BODY = YES;
				CLANG_WARN_ENUM_CONVERSION = YES;
				CLANG_WARN_INFINITE_RECURSION = YES;
				CLANG_WARN_INT_CONVERSION = YES;
				CLANG_WARN_NON_LITERAL_NULL_CONVERSION = YES;
				CLANG_WARN_OBJC_IMPLICIT_RETAIN_SELF = YES;
				CLANG_WARN_OBJC_LITERAL_CONVERSION = YES;
				CLANG_WARN_OBJC_ROOT_CLASS = YES_ERROR;
				CLANG_WARN_RANGE_LOOP_ANALYSIS = YES;
				CLANG_WARN_STRICT_PROTOTYPES = YES;
				CLANG_WARN_SUSPICIOUS_MOVE = YES;
				CLANG_WARN_UNGUARDED_AVAILABILITY = YES_AGGRESSIVE;
				CLANG_WARN_UNREACHABLE_CODE = YES;
				CLANG_WARN__DUPLICATE_METHOD_MATCH = YES;
				CODE_SIGN_IDENTITY = "iPhone Developer";
				COPY_PHASE_STRIP = NO;
				DEBUG_INFORMATION_FORMAT = dwarf;
				ENABLE_STRICT_OBJC_MSGSEND = YES;
				ENABLE_TESTABILITY = YES;
				GCC_C_LANGUAGE_STANDARD = gnu11;
				GCC_DYNAMIC_NO_PIC = NO;
				GCC_NO_COMMON_BLOCKS = YES;
				GCC_OPTIMIZATION_LEVEL = 0;
				GCC_PREPROCESSOR_DEFINITIONS = (
					"DEBUG=1",
					"$(inherited)",
				);
				GCC_WARN_64_TO_32_BIT_CONVERSION = YES;
				GCC_WARN_ABOUT_RETURN_TYPE = YES_ERROR;
				GCC_WARN_UNDECLARED_SELECTOR = YES;
				GCC_WARN_UNINITIALIZED_AUTOS = YES_AGGRESSIVE;
				GCC_WARN_UNUSED_FUNCTION = YES;
				GCC_WARN_UNUSED_VARIABLE = YES;
				IPHONEOS_DEPLOYMENT_TARGET = 12.0;
				MTL_ENABLE_DEBUG_INFO = INCLUDE_SOURCE;
				MTL_FAST_MATH = YES;
				ONLY_ACTIVE_ARCH = YES;
				SDKROOT = iphoneos;
				SWIFT_ACTIVE_COMPILATION_CONDITIONS = DEBUG;
				SWIFT_OPTIMIZATION_LEVEL = "-Onone";
			};
			name = Debug;
		};
		8B49D4D321588CE000803884 /* Release */ = {
			isa = XCBuildConfiguration;
			buildSettings = {
				ALWAYS_SEARCH_USER_PATHS = NO;
				CLANG_ANALYZER_NONNULL = YES;
				CLANG_ANALYZER_NUMBER_OBJECT_CONVERSION = YES_AGGRESSIVE;
				CLANG_CXX_LANGUAGE_STANDARD = "gnu++14";
				CLANG_CXX_LIBRARY = "libc++";
				CLANG_ENABLE_MODULES = YES;
				CLANG_ENABLE_OBJC_ARC = YES;
				CLANG_ENABLE_OBJC_WEAK = YES;
				CLANG_WARN_BLOCK_CAPTURE_AUTORELEASING = YES;
				CLANG_WARN_BOOL_CONVERSION = YES;
				CLANG_WARN_COMMA = YES;
				CLANG_WARN_CONSTANT_CONVERSION = YES;
				CLANG_WARN_DEPRECATED_OBJC_IMPLEMENTATIONS = YES;
				CLANG_WARN_DIRECT_OBJC_ISA_USAGE = YES_ERROR;
				CLANG_WARN_DOCUMENTATION_COMMENTS = YES;
				CLANG_WARN_EMPTY_BODY = YES;
				CLANG_WARN_ENUM_CONVERSION = YES;
				CLANG_WARN_INFINITE_RECURSION = YES;
				CLANG_WARN_INT_CONVERSION = YES;
				CLANG_WARN_NON_LITERAL_NULL_CONVERSION = YES;
				CLANG_WARN_OBJC_IMPLICIT_RETAIN_SELF = YES;
				CLANG_WARN_OBJC_LITERAL_CONVERSION = YES;
				CLANG_WARN_OBJC_ROOT_CLASS = YES_ERROR;
				CLANG_WARN_RANGE_LOOP_ANALYSIS = YES;
				CLANG_WARN_STRICT_PROTOTYPES = YES;
				CLANG_WARN_SUSPICIOUS_MOVE = YES;
				CLANG_WARN_UNGUARDED_AVAILABILITY = YES_AGGRESSIVE;
				CLANG_WARN_UNREACHABLE_CODE = YES;
				CLANG_WARN__DUPLICATE_METHOD_MATCH = YES;
				CODE_SIGN_IDENTITY = "iPhone Developer";
				COPY_PHASE_STRIP = NO;
				DEBUG_INFORMATION_FORMAT = "dwarf-with-dsym";
				ENABLE_NS_ASSERTIONS = NO;
				ENABLE_STRICT_OBJC_MSGSEND = YES;
				GCC_C_LANGUAGE_STANDARD = gnu11;
				GCC_NO_COMMON_BLOCKS = YES;
				GCC_WARN_64_TO_32_BIT_CONVERSION = YES;
				GCC_WARN_ABOUT_RETURN_TYPE = YES_ERROR;
				GCC_WARN_UNDECLARED_SELECTOR = YES;
				GCC_WARN_UNINITIALIZED_AUTOS = YES_AGGRESSIVE;
				GCC_WARN_UNUSED_FUNCTION = YES;
				GCC_WARN_UNUSED_VARIABLE = YES;
				IPHONEOS_DEPLOYMENT_TARGET = 12.0;
				MTL_ENABLE_DEBUG_INFO = NO;
				MTL_FAST_MATH = YES;
				SDKROOT = iphoneos;
				SWIFT_COMPILATION_MODE = wholemodule;
				SWIFT_OPTIMIZATION_LEVEL = "-O";
				VALIDATE_PRODUCT = YES;
			};
			name = Release;
		};
		8B49D4D521588CE000803884 /* Debug */ = {
			isa = XCBuildConfiguration;
			buildSettings = {
				ASSETCATALOG_COMPILER_APPICON_NAME = AppIcon;
				CODE_SIGN_STYLE = Automatic;
				DEVELOPMENT_TEAM = 5C2XD9H2JS;
				INFOPLIST_FILE = "$(SRCROOT)/CoreDataRemote/Resources/Info.plist";
				LD_RUNPATH_SEARCH_PATHS = (
					"$(inherited)",
					"@executable_path/Frameworks",
				);
				PRODUCT_BUNDLE_IDENTIFIER = com.alfianlosari.CoreDataRemote;
				PRODUCT_NAME = "$(TARGET_NAME)";
				SWIFT_VERSION = 4.2;
				TARGETED_DEVICE_FAMILY = "1,2";
			};
			name = Debug;
		};
		8B49D4D621588CE000803884 /* Release */ = {
			isa = XCBuildConfiguration;
			buildSettings = {
				ASSETCATALOG_COMPILER_APPICON_NAME = AppIcon;
				CODE_SIGN_STYLE = Automatic;
				DEVELOPMENT_TEAM = 5C2XD9H2JS;
				INFOPLIST_FILE = "$(SRCROOT)/CoreDataRemote/Resources/Info.plist";
				LD_RUNPATH_SEARCH_PATHS = (
					"$(inherited)",
					"@executable_path/Frameworks",
				);
				PRODUCT_BUNDLE_IDENTIFIER = com.alfianlosari.CoreDataRemote;
				PRODUCT_NAME = "$(TARGET_NAME)";
				SWIFT_VERSION = 4.2;
				TARGETED_DEVICE_FAMILY = "1,2";
			};
			name = Release;
		};
/* End XCBuildConfiguration section */

/* Begin XCConfigurationList section */
		8B49D4BD21588CDF00803884 /* Build configuration list for PBXProject "CoreDataRemote" */ = {
			isa = XCConfigurationList;
			buildConfigurations = (
				8B49D4D221588CE000803884 /* Debug */,
				8B49D4D321588CE000803884 /* Release */,
			);
			defaultConfigurationIsVisible = 0;
			defaultConfigurationName = Release;
		};
		8B49D4D421588CE000803884 /* Build configuration list for PBXNativeTarget "CoreDataRemote" */ = {
			isa = XCConfigurationList;
			buildConfigurations = (
				8B49D4D521588CE000803884 /* Debug */,
				8B49D4D621588CE000803884 /* Release */,
			);
			defaultConfigurationIsVisible = 0;
			defaultConfigurationName = Release;
		};
/* End XCConfigurationList section */

/* Begin XCVersionGroup section */
		8B49D4DB2158A40B00803884 /* StarWars.xcdatamodeld */ = {
			isa = XCVersionGroup;
			children = (
				8B49D4DC2158A40B00803884 /* StarWars.xcdatamodel */,
			);
			currentVersion = 8B49D4DC2158A40B00803884 /* StarWars.xcdatamodel */;
			path = StarWars.xcdatamodeld;
			sourceTree = "<group>";
			versionGroupType = wrapper.xcdatamodel;
		};
/* End XCVersionGroup section */
	};
	rootObject = 8B49D4BA21588CDF00803884 /* Project object */;
}
